
Microsoft Visual Studio Solution File, Format Version 10.00
# Visual C# Express 2008
Project("{FAE04EC0-301F-11D3-BF4B-00C04F79EFBC}") = "MTGServer", "MTGServer\MTGServer.csproj", "{F3E14708-FB4F-4C4E-86EA-A6FC09C8537B}"
	ProjectSection(ProjectDependencies) = postProject
		{B1BC882B-3872-47EB-B6F3-5E2E172266C6} = {B1BC882B-3872-47EB-B6F3-5E2E172266C6}
	EndProjectSection
EndProject
Project("{FAE04EC0-301F-11D3-BF4B-00C04F79EFBC}") = "MTGClient", "MTGClient\MTGClient.csproj", "{82B0E22A-E25E-4989-AD10-CC9355F1BB8B}"
	ProjectSection(ProjectDependencies) = postProject
		{B1BC882B-3872-47EB-B6F3-5E2E172266C6} = {B1BC882B-3872-47EB-B6F3-5E2E172266C6}
	EndProjectSection
EndProject
Project("{FAE04EC0-301F-11D3-BF4B-00C04F79EFBC}") = "TestMTGServer", "TestMTGServer\TestMTGServer.csproj", "{A983D800-0E0F-4984-8C90-B0CEFE4D7130}"
EndProject
Project("{FAE04EC0-301F-11D3-BF4B-00C04F79EFBC}") = "MTGCommon", "MTGCommon\MTGCommon.csproj", "{B1BC882B-3872-47EB-B6F3-5E2E172266C6}"
EndProject
Project("{FAE04EC0-301F-11D3-BF4B-00C04F79EFBC}") = "MTGDataGatherer", "MTGDataGatherer\MTGDataGatherer.csproj", "{2040E6FA-A24B-4C60-A513-982E27ECA0EC}"
EndProject
Global
	GlobalSection(SolutionConfigurationPlatforms) = preSolution
		Debug|Any CPU = Debug|Any CPU
		Release|Any CPU = Release|Any CPU
	EndGlobalSection
	GlobalSection(ProjectConfigurationPlatforms) = postSolution
		{F3E14708-FB4F-4C4E-86EA-A6FC09C8537B}.Debug|Any CPU.ActiveCfg = Debug|Any CPU
		{F3E14708-FB4F-4C4E-86EA-A6FC09C8537B}.Debug|Any CPU.Build.0 = Debug|Any CPU
		{F3E14708-FB4F-4C4E-86EA-A6FC09C8537B}.Release|Any CPU.ActiveCfg = Release|Any CPU
		{F3E14708-FB4F-4C4E-86EA-A6FC09C8537B}.Release|Any CPU.Build.0 = Release|Any CPU
		{82B0E22A-E25E-4989-AD10-CC9355F1BB8B}.Debug|Any CPU.ActiveCfg = Debug|Any CPU
		{82B0E22A-E25E-4989-AD10-CC9355F1BB8B}.Debug|Any CPU.Build.0 = Debug|Any CPU
		{82B0E22A-E25E-4989-AD10-CC9355F1BB8B}.Release|Any CPU.ActiveCfg = Release|Any CPU
		{82B0E22A-E25E-4989-AD10-CC9355F1BB8B}.Release|Any CPU.Build.0 = Release|Any CPU
		{A983D800-0E0F-4984-8C90-B0CEFE4D7130}.Debug|Any CPU.ActiveCfg = Debug|Any CPU
		{A983D800-0E0F-4984-8C90-B0CEFE4D7130}.Debug|Any CPU.Build.0 = Debug|Any CPU
		{A983D800-0E0F-4984-8C90-B0CEFE4D7130}.Release|Any CPU.ActiveCfg = Release|Any CPU
		{A983D800-0E0F-4984-8C90-B0CEFE4D7130}.Release|Any CPU.Build.0 = Release|Any CPU
		{B1BC882B-3872-47EB-B6F3-5E2E172266C6}.Debug|Any CPU.ActiveCfg = Debug|Any CPU
		{B1BC882B-3872-47EB-B6F3-5E2E172266C6}.Debug|Any CPU.Build.0 = Debug|Any CPU
		{B1BC882B-3872-47EB-B6F3-5E2E172266C6}.Release|Any CPU.ActiveCfg = Release|Any CPU
		{B1BC882B-3872-47EB-B6F3-5E2E172266C6}.Release|Any CPU.Build.0 = Release|Any CPU
		{2040E6FA-A24B-4C60-A513-982E27ECA0EC}.Debug|Any CPU.ActiveCfg = Debug|Any CPU
		{2040E6FA-A24B-4C60-A513-982E27ECA0EC}.Debug|Any CPU.Build.0 = Debug|Any CPU
		{2040E6FA-A24B-4C60-A513-982E27ECA0EC}.Release|Any CPU.ActiveCfg = Release|Any CPU
		{2040E6FA-A24B-4C60-A513-982E27ECA0EC}.Release|Any CPU.Build.0 = Release|Any CPU
	EndGlobalSection
	GlobalSection(SolutionProperties) = preSolution
		HideSolutionNode = FALSE
	EndGlobalSection
EndGlobal
